
Microsoft Visual Studio Solution File, Format Version 12.00
# Visual Studio Version 17
VisualStudioVersion = 17.6.33815.320
MinimumVisualStudioVersion = 10.0.40219.1
Project("{FAE04EC0-301F-11D3-BF4B-00C04F79EFBC}") = "AdventureWorks.WPF.NavWindow", "AdventureWorks.WPF.NavWindow.csproj", "{DE2E1E8D-35A4-49AC-9B5A-8EB621E2E11F}"
EndProject
Global
	GlobalSection(SolutionConfigurationPlatforms) = preSolution
		Debug|Any CPU = Debug|Any CPU
		Release|Any CPU = Release|Any CPU
	EndGlobalSection
	GlobalSection(ProjectConfigurationPlatforms) = postSolution
		{DE2E1E8D-35A4-49AC-9B5A-8EB621E2E11F}.Debug|Any CPU.ActiveCfg = Debug|Any CPU
		{DE2E1E8D-35A4-49AC-9B5A-8EB621E2E11F}.Debug|Any CPU.Build.0 = Debug|Any CPU
		{DE2E1E8D-35A4-49AC-9B5A-8EB621E2E11F}.Release|Any CPU.ActiveCfg = Release|Any CPU
		{DE2E1E8D-35A4-49AC-9B5A-8EB621E2E11F}.Release|Any CPU.Build.0 = Release|Any CPU
	EndGlobalSection
	GlobalSection(SolutionProperties) = preSolution
		HideSolutionNode = FALSE
	EndGlobalSection
	GlobalSection(ExtensibilityGlobals) = postSolution
		SolutionGuid = {F0F67281-126A-4767-932D-3D54A7541AE5}
	EndGlobalSection
EndGlobal
