
Microsoft Visual Studio Solution File, Format Version 12.00
# Visual Studio Version 17
VisualStudioVersion = 17.6.33815.320
MinimumVisualStudioVersion = 10.0.40219.1
Project("{FAE04EC0-301F-11D3-BF4B-00C04F79EFBC}") = "XamlBasicsLabWPF", "XamlBasicsLabWPF.csproj", "{27801E2B-DDB7-4C88-8C6F-C49CDB73A8ED}"
EndProject
Global
	GlobalSection(SolutionConfigurationPlatforms) = preSolution
		Debug|Any CPU = Debug|Any CPU
		Release|Any CPU = Release|Any CPU
	EndGlobalSection
	GlobalSection(ProjectConfigurationPlatforms) = postSolution
		{27801E2B-DDB7-4C88-8C6F-C49CDB73A8ED}.Debug|Any CPU.ActiveCfg = Debug|Any CPU
		{27801E2B-DDB7-4C88-8C6F-C49CDB73A8ED}.Debug|Any CPU.Build.0 = Debug|Any CPU
		{27801E2B-DDB7-4C88-8C6F-C49CDB73A8ED}.Release|Any CPU.ActiveCfg = Release|Any CPU
		{27801E2B-DDB7-4C88-8C6F-C49CDB73A8ED}.Release|Any CPU.Build.0 = Release|Any CPU
	EndGlobalSection
	GlobalSection(SolutionProperties) = preSolution
		HideSolutionNode = FALSE
	EndGlobalSection
	GlobalSection(ExtensibilityGlobals) = postSolution
		SolutionGuid = {534DDC78-1C36-445B-8BBB-5400002BB445}
	EndGlobalSection
EndGlobal
