
Microsoft Visual Studio Solution File, Format Version 12.00
# Visual Studio Version 17
VisualStudioVersion = 17.6.33815.320
MinimumVisualStudioVersion = 10.0.40219.1
Project("{9A19103F-16F7-4668-BE54-9A1E7A4F7556}") = "AdventureWorks.WPF", "AdventureWorks.WPF\AdventureWorks.WPF.csproj", "{77191E71-EB81-4223-B4E9-75C7AAA32084}"
EndProject
Project("{9A19103F-16F7-4668-BE54-9A1E7A4F7556}") = "Common.Library.WPF", "Common.Library.WPF\Common.Library.WPF.csproj", "{B557DDED-196B-43E0-8855-6E20D56B10D3}"
EndProject
Project("{9A19103F-16F7-4668-BE54-9A1E7A4F7556}") = "AdventureWorks.EntityLayer", "AdventureWorks.EntityLayer\AdventureWorks.EntityLayer.csproj", "{A194D5F9-16A7-4F98-BE32-F773BBC689E1}"
EndProject
Project("{9A19103F-16F7-4668-BE54-9A1E7A4F7556}") = "Common.Library", "Common.Library\Common.Library.csproj", "{C187FDCE-A0F1-48BC-B65A-2DECE19D7501}"
EndProject
Project("{9A19103F-16F7-4668-BE54-9A1E7A4F7556}") = "AdventureWorks.ViewModelLayer", "AdventureWorks.ViewModelLayer\AdventureWorks.ViewModelLayer.csproj", "{D64A36FA-4AA1-410A-963A-CE97A419B368}"
EndProject
Project("{FAE04EC0-301F-11D3-BF4B-00C04F79EFBC}") = "AdventureWorks.DataLayer", "AdventureWorks.DataLayer\AdventureWorks.DataLayer.csproj", "{465CAB93-2FC1-4335-924B-B48F04C2CA7A}"
EndProject
Global
	GlobalSection(SolutionConfigurationPlatforms) = preSolution
		Debug|Any CPU = Debug|Any CPU
		Release|Any CPU = Release|Any CPU
	EndGlobalSection
	GlobalSection(ProjectConfigurationPlatforms) = postSolution
		{77191E71-EB81-4223-B4E9-75C7AAA32084}.Debug|Any CPU.ActiveCfg = Debug|Any CPU
		{77191E71-EB81-4223-B4E9-75C7AAA32084}.Debug|Any CPU.Build.0 = Debug|Any CPU
		{77191E71-EB81-4223-B4E9-75C7AAA32084}.Release|Any CPU.ActiveCfg = Release|Any CPU
		{77191E71-EB81-4223-B4E9-75C7AAA32084}.Release|Any CPU.Build.0 = Release|Any CPU
		{B557DDED-196B-43E0-8855-6E20D56B10D3}.Debug|Any CPU.ActiveCfg = Debug|Any CPU
		{B557DDED-196B-43E0-8855-6E20D56B10D3}.Debug|Any CPU.Build.0 = Debug|Any CPU
		{B557DDED-196B-43E0-8855-6E20D56B10D3}.Release|Any CPU.ActiveCfg = Release|Any CPU
		{B557DDED-196B-43E0-8855-6E20D56B10D3}.Release|Any CPU.Build.0 = Release|Any CPU
		{A194D5F9-16A7-4F98-BE32-F773BBC689E1}.Debug|Any CPU.ActiveCfg = Debug|Any CPU
		{A194D5F9-16A7-4F98-BE32-F773BBC689E1}.Debug|Any CPU.Build.0 = Debug|Any CPU
		{A194D5F9-16A7-4F98-BE32-F773BBC689E1}.Release|Any CPU.ActiveCfg = Release|Any CPU
		{A194D5F9-16A7-4F98-BE32-F773BBC689E1}.Release|Any CPU.Build.0 = Release|Any CPU
		{C187FDCE-A0F1-48BC-B65A-2DECE19D7501}.Debug|Any CPU.ActiveCfg = Debug|Any CPU
		{C187FDCE-A0F1-48BC-B65A-2DECE19D7501}.Debug|Any CPU.Build.0 = Debug|Any CPU
		{C187FDCE-A0F1-48BC-B65A-2DECE19D7501}.Release|Any CPU.ActiveCfg = Release|Any CPU
		{C187FDCE-A0F1-48BC-B65A-2DECE19D7501}.Release|Any CPU.Build.0 = Release|Any CPU
		{D64A36FA-4AA1-410A-963A-CE97A419B368}.Debug|Any CPU.ActiveCfg = Debug|Any CPU
		{D64A36FA-4AA1-410A-963A-CE97A419B368}.Debug|Any CPU.Build.0 = Debug|Any CPU
		{D64A36FA-4AA1-410A-963A-CE97A419B368}.Release|Any CPU.ActiveCfg = Release|Any CPU
		{D64A36FA-4AA1-410A-963A-CE97A419B368}.Release|Any CPU.Build.0 = Release|Any CPU
		{465CAB93-2FC1-4335-924B-B48F04C2CA7A}.Debug|Any CPU.ActiveCfg = Debug|Any CPU
		{465CAB93-2FC1-4335-924B-B48F04C2CA7A}.Debug|Any CPU.Build.0 = Debug|Any CPU
		{465CAB93-2FC1-4335-924B-B48F04C2CA7A}.Release|Any CPU.ActiveCfg = Release|Any CPU
		{465CAB93-2FC1-4335-924B-B48F04C2CA7A}.Release|Any CPU.Build.0 = Release|Any CPU
	EndGlobalSection
	GlobalSection(SolutionProperties) = preSolution
		HideSolutionNode = FALSE
	EndGlobalSection
	GlobalSection(ExtensibilityGlobals) = postSolution
		SolutionGuid = {830DB72A-3D6A-45EC-AD19-8554270457CD}
	EndGlobalSection
EndGlobal
