
Microsoft Visual Studio Solution File, Format Version 12.00
# Visual Studio Version 17
VisualStudioVersion = 17.6.33815.320
MinimumVisualStudioVersion = 10.0.40219.1
Project("{FAE04EC0-301F-11D3-BF4B-00C04F79EFBC}") = "AdventureWorks.WPF", "AdventureWorks.WPF.csproj", "{77191E71-EB81-4223-B4E9-75C7AAA32084}"
EndProject
Global
	GlobalSection(SolutionConfigurationPlatforms) = preSolution
		Debug|Any CPU = Debug|Any CPU
		Release|Any CPU = Release|Any CPU
	EndGlobalSection
	GlobalSection(ProjectConfigurationPlatforms) = postSolution
		{77191E71-EB81-4223-B4E9-75C7AAA32084}.Debug|Any CPU.ActiveCfg = Debug|Any CPU
		{77191E71-EB81-4223-B4E9-75C7AAA32084}.Debug|Any CPU.Build.0 = Debug|Any CPU
		{77191E71-EB81-4223-B4E9-75C7AAA32084}.Release|Any CPU.ActiveCfg = Release|Any CPU
		{77191E71-EB81-4223-B4E9-75C7AAA32084}.Release|Any CPU.Build.0 = Release|Any CPU
	EndGlobalSection
	GlobalSection(SolutionProperties) = preSolution
		HideSolutionNode = FALSE
	EndGlobalSection
	GlobalSection(ExtensibilityGlobals) = postSolution
		SolutionGuid = {830DB72A-3D6A-45EC-AD19-8554270457CD}
	EndGlobalSection
EndGlobal
