
Microsoft Visual Studio Solution File, Format Version 12.00
# Visual Studio Version 17
VisualStudioVersion = 17.7.34003.232
MinimumVisualStudioVersion = 10.0.40219.1
Project("{FAE04EC0-301F-11D3-BF4B-00C04F79EFBC}") = "XamlBindingMAUI", "XamlBindingMAUI.csproj", "{E856B5AF-4B54-4C7A-97D1-43A8F78464EC}"
EndProject
Global
	GlobalSection(SolutionConfigurationPlatforms) = preSolution
		Debug|Any CPU = Debug|Any CPU
		Release|Any CPU = Release|Any CPU
	EndGlobalSection
	GlobalSection(ProjectConfigurationPlatforms) = postSolution
		{E856B5AF-4B54-4C7A-97D1-43A8F78464EC}.Debug|Any CPU.ActiveCfg = Debug|Any CPU
		{E856B5AF-4B54-4C7A-97D1-43A8F78464EC}.Debug|Any CPU.Build.0 = Debug|Any CPU
		{E856B5AF-4B54-4C7A-97D1-43A8F78464EC}.Debug|Any CPU.Deploy.0 = Debug|Any CPU
		{E856B5AF-4B54-4C7A-97D1-43A8F78464EC}.Release|Any CPU.ActiveCfg = Release|Any CPU
		{E856B5AF-4B54-4C7A-97D1-43A8F78464EC}.Release|Any CPU.Build.0 = Release|Any CPU
		{E856B5AF-4B54-4C7A-97D1-43A8F78464EC}.Release|Any CPU.Deploy.0 = Release|Any CPU
	EndGlobalSection
	GlobalSection(SolutionProperties) = preSolution
		HideSolutionNode = FALSE
	EndGlobalSection
	GlobalSection(ExtensibilityGlobals) = postSolution
		SolutionGuid = {10336D6A-BE0E-4EB3-AEDC-BA5C4FD1CA8C}
	EndGlobalSection
EndGlobal
