
Microsoft Visual Studio Solution File, Format Version 12.00
# Visual Studio Version 17
VisualStudioVersion = 17.6.33723.286
MinimumVisualStudioVersion = 10.0.40219.1
Project("{FAE04EC0-301F-11D3-BF4B-00C04F79EFBC}") = "SimpleDataBindingSamples", "SimpleDataBindingSamples.csproj", "{A26700A3-D83B-4893-991C-AA78F19D99E7}"
EndProject
Global
	GlobalSection(SolutionConfigurationPlatforms) = preSolution
		Debug|Any CPU = Debug|Any CPU
		Release|Any CPU = Release|Any CPU
	EndGlobalSection
	GlobalSection(ProjectConfigurationPlatforms) = postSolution
		{A26700A3-D83B-4893-991C-AA78F19D99E7}.Debug|Any CPU.ActiveCfg = Debug|Any CPU
		{A26700A3-D83B-4893-991C-AA78F19D99E7}.Debug|Any CPU.Build.0 = Debug|Any CPU
		{A26700A3-D83B-4893-991C-AA78F19D99E7}.Release|Any CPU.ActiveCfg = Release|Any CPU
		{A26700A3-D83B-4893-991C-AA78F19D99E7}.Release|Any CPU.Build.0 = Release|Any CPU
	EndGlobalSection
	GlobalSection(SolutionProperties) = preSolution
		HideSolutionNode = FALSE
	EndGlobalSection
	GlobalSection(ExtensibilityGlobals) = postSolution
		SolutionGuid = {665AAC6E-81E4-4278-AEF8-FDA905925D93}
	EndGlobalSection
EndGlobal
